{
  "requires": true,
  "lockfileVersion": 1,
  "dependencies": {
    "@koa/cors": {
      "version": "3.1.0",
      "resolved": "https://registry.nlark.com/@koa/cors/download/@koa/cors-3.1.0.tgz",
      "integrity": "sha1-YYuwc0OM/b0+vQ5kinbjO4Tzo7I=",
      "requires": {
        "vary": "^1.1.2"
      }
    },
    "axios": {
      "version": "0.21.4",
      "resolved": "https://registry.nlark.com/axios/download/axios-0.21.4.tgz?cache=0&sync_timestamp=1630942656836&other_urls=https%3A%2F%2Fregistry.nlark.com%2Faxios%2Fdownload%2Faxios-0.21.4.tgz",
      "integrity": "sha1-xnuQ3AVo5cHPKwuFjEO6KOLtpXU=",
      "requires": {
        "follow-redirects": "^1.14.0"
      }
    },
    "egg-cors": {
      "version": "2.2.3",
      "resolved": "https://registry.nlark.com/egg-cors/download/egg-cors-2.2.3.tgz",
      "integrity": "sha1-ohoPay3GJ6TneKcoLBrfmapj+I8=",
      "requires": {
        "@koa/cors": "^3.0.0"
      }
    },
    "follow-redirects": {
      "version": "1.14.4",
      "resolved": "https://registry.npmmirror.com/follow-redirects/download/follow-redirects-1.14.4.tgz",
      "integrity": "sha1-g4/fSKi73XnlLuUfsclOPtmLk3k="
    },
    "uview-ui": {
      "version": "1.8.4",
      "resolved": "https://registry.nlark.com/uview-ui/download/uview-ui-1.8.4.tgz",
      "integrity": "sha1-4yu/I3lCHTGQIuMk4ct7U4fTvUQ="
    },
    "vary": {
      "version": "1.1.2",
      "resolved": "https://registry.nlark.com/vary/download/vary-1.1.2.tgz",
      "integrity": "sha1-IpnwLG3tMNSllhsLn3RSShj2NPw="
    }
  }
}
